{
  "name": "@ingadhoc/docs-platform",
  "version": "0.8.2",
  "lockfileVersion": 3,
  "requires": true,
  "packages": {
    "": {
      "name": "@ingadhoc/docs-platform",
      "version": "0.8.2",
      "license": "SEE LICENSE IN LICENSE",
      "dependencies": {
        "minisearch": "^7.2.0"
      },
      "bin": {
        "docs-drift-check": "bin/drift-check.mjs",
        "docs-guard-fuga": "bin/guard-fuga.mjs",
        "docs-podar-static": "bin/podar-static.mjs"
      },
      "devDependencies": {
        "mcp-handler": "^2.1.1",
        "zod": "^4.4.3"
      }
    },
    "node_modules/@modelcontextprotocol/core": {
      "version": "2.0.0",
      "resolved": "https://registry.npmjs.org/@modelcontextprotocol/core/-/core-2.0.0.tgz",
      "integrity": "sha512-pJCEwGG7Lfr/+PQp9ZTwKXNeO5wzbfKL7H3MYpCorM4oFBoQrdjnBgEoqG+RjhsvS1FKrDbKux+M1HhlnGWqcA==",
      "dev": true,
      "license": "MIT",
      "peer": true,
      "dependencies": {
        "zod": "^4.2.0"
      },
      "engines": {
        "node": ">=20"
      }
    },
    "node_modules/@modelcontextprotocol/server": {
      "version": "2.0.0",
      "resolved": "https://registry.npmjs.org/@modelcontextprotocol/server/-/server-2.0.0.tgz",
      "integrity": "sha512-YhHWdHfpFMQfd0prsEnxKeS3Qz3ytIGmsS0sth4KDjnacIT7hxk6hXHkJ9KysxlkvTM+WZAtQbbcUhdoP4Hvtw==",
      "dev": true,
      "license": "MIT",
      "peer": true,
      "dependencies": {
        "@modelcontextprotocol/core": "2.0.0",
        "zod": "^4.2.0"
      },
      "engines": {
        "node": ">=20"
      }
    },
    "node_modules/chalk": {
      "version": "5.6.2",
      "resolved": "https://registry.npmjs.org/chalk/-/chalk-5.6.2.tgz",
      "integrity": "sha512-7NzBL0rN6fMUW+f7A6Io4h40qQlG+xGmtMxfbnH/K7TAtt8JQWVQK+6g0UXKMeVJoyV5EkkNsErQ8pVD3bLHbA==",
      "dev": true,
      "license": "MIT",
      "engines": {
        "node": "^12.17.0 || ^14.13 || >=16.0.0"
      },
      "funding": {
        "url": "https://github.com/chalk/chalk?sponsor=1"
      }
    },
    "node_modules/commander": {
      "version": "11.1.0",
      "resolved": "https://registry.npmjs.org/commander/-/commander-11.1.0.tgz",
      "integrity": "sha512-yPVavfyCcRhmorC7rWlkHn15b4wDVgVmBA7kV4QVBsF7kv/9TKJAbAXVTxvTnwP8HHKjRCJDClKbciiYS7p0DQ==",
      "dev": true,
      "license": "MIT",
      "engines": {
        "node": ">=16"
      }
    },
    "node_modules/mcp-handler": {
      "version": "2.1.1",
      "resolved": "https://registry.npmjs.org/mcp-handler/-/mcp-handler-2.1.1.tgz",
      "integrity": "sha512-D/PAwxF9TexmixJY+FZMgYq9SSbGm3vtcUjwUHZ8tYYuOtGT3/KgAKBjO3UJZoXgW8nHDtv8ySOICMEZPD0b/Q==",
      "dev": true,
      "license": "Apache-2.0",
      "dependencies": {
        "chalk": "^5.3.0",
        "commander": "^11.1.0"
      },
      "bin": {
        "create-mcp-route": "dist/cli/index.js",
        "mcp-adapter": "dist/cli/index.js",
        "mcp-handler": "dist/cli/index.js"
      },
      "engines": {
        "node": ">=20"
      },
      "peerDependencies": {
        "@modelcontextprotocol/server": "^2.0.0",
        "next": ">=13.0.0"
      },
      "peerDependenciesMeta": {
        "@modelcontextprotocol/server": {
          "optional": false
        },
        "next": {
          "optional": true
        }
      }
    },
    "node_modules/minisearch": {
      "version": "7.2.0",
      "resolved": "https://registry.npmjs.org/minisearch/-/minisearch-7.2.0.tgz",
      "integrity": "sha512-dqT2XBYUOZOiC5t2HRnwADjhNS2cecp9u+TJRiJ1Qp/f5qjkeT5APcGPjHw+bz89Ms8Jp+cG4AlE+QZ/QnDglg==",
      "license": "MIT"
    },
    "node_modules/zod": {
      "version": "4.5.4",
      "resolved": "https://registry.npmjs.org/zod/-/zod-4.5.4.tgz",
      "integrity": "sha512-sC95tT5iHHH9gtpj6A81kh+NEaRAUFN+qlUPDUbRfOMvNf5QCBqsb3WgvnpVtK5Y+4UfA6KqufotuTvMGiTlsA==",
      "dev": true,
      "license": "MIT",
      "funding": {
        "url": "https://github.com/sponsors/colinhacks"
      }
    }
  }
}
